{
  "name": "@event-pass/synthetic-proof-check",
  "version": "0.1.0",
  "lockfileVersion": 3,
  "requires": true,
  "packages": {
    "": {
      "name": "@event-pass/synthetic-proof-check",
      "version": "0.1.0",
      "dependencies": {
        "@midnight-ntwrk/zkir-v2": "2.1.0"
      },
      "engines": {
        "node": ">=22"
      }
    },
    "node_modules/@midnight-ntwrk/zkir-v2": {
      "version": "2.1.0",
      "resolved": "https://registry.npmjs.org/@midnight-ntwrk/zkir-v2/-/zkir-v2-2.1.0.tgz",
      "integrity": "sha512-UDMujjzCt0SA89uqOFWUL4LZTkxVAS8JjvOaYMAgxlSrWfN7m5th1R1qGlpDJuSH39rbWt6WwtuK3k08Mta6LA=="
    }
  }
}
